
Microsoft Visual Studio Solution File, Format Version 12.00
# Visual Studio Version 17
VisualStudioVersion = 17.3.32929.385
MinimumVisualStudioVersion = 10.0.40219.1
Project("{8BC9CEB8-8B4A-11D0-8D11-00A0C91BC942}") = "Task7", "Task7\Task7.vcxproj", "{7911AB1A-B978-470A-9543-3F92D3B7A450}"
EndProject
Global
	GlobalSection(SolutionConfigurationPlatforms) = preSolution
		Debug|x64 = Debug|x64
		Debug|x86 = Debug|x86
		Release|x64 = Release|x64
		Release|x86 = Release|x86
	EndGlobalSection
	GlobalSection(ProjectConfigurationPlatforms) = postSolution
		{7911AB1A-B978-470A-9543-3F92D3B7A450}.Debug|x64.ActiveCfg = Debug|x64
		{7911AB1A-B978-470A-9543-3F92D3B7A450}.Debug|x64.Build.0 = Debug|x64
		{7911AB1A-B978-470A-9543-3F92D3B7A450}.Debug|x86.ActiveCfg = Debug|Win32
		{7911AB1A-B978-470A-9543-3F92D3B7A450}.Debug|x86.Build.0 = Debug|Win32
		{7911AB1A-B978-470A-9543-3F92D3B7A450}.Release|x64.ActiveCfg = Release|x64
		{7911AB1A-B978-470A-9543-3F92D3B7A450}.Release|x64.Build.0 = Release|x64
		{7911AB1A-B978-470A-9543-3F92D3B7A450}.Release|x86.ActiveCfg = Release|Win32
		{7911AB1A-B978-470A-9543-3F92D3B7A450}.Release|x86.Build.0 = Release|Win32
	EndGlobalSection
	GlobalSection(SolutionProperties) = preSolution
		HideSolutionNode = FALSE
	EndGlobalSection
	GlobalSection(ExtensibilityGlobals) = postSolution
		SolutionGuid = {BB82D189-D2B9-4ED4-9614-2C7018C3FEF1}
	EndGlobalSection
EndGlobal
