
Microsoft Visual Studio Solution File, Format Version 12.00
Project("{FAE04EC0-301F-11D3-BF4B-00C04F79EFBC}") = "_253504_zhgutov_Lab12", "_253504_zhgutov_Lab12\_253504_zhgutov_Lab12.csproj", "{69E7CE40-CEB5-4389-BBC5-FA9BB4304C66}"
EndProject
Project("{FAE04EC0-301F-11D3-BF4B-00C04F79EFBC}") = "StreamServiceLib", "StreamServiceLib\StreamServiceLib.csproj", "{66C20D3F-E94F-49CF-810A-B6FC46519574}"
EndProject
Global
	GlobalSection(SolutionConfigurationPlatforms) = preSolution
		Debug|Any CPU = Debug|Any CPU
		Release|Any CPU = Release|Any CPU
	EndGlobalSection
	GlobalSection(ProjectConfigurationPlatforms) = postSolution
		{69E7CE40-CEB5-4389-BBC5-FA9BB4304C66}.Debug|Any CPU.ActiveCfg = Debug|Any CPU
		{69E7CE40-CEB5-4389-BBC5-FA9BB4304C66}.Debug|Any CPU.Build.0 = Debug|Any CPU
		{69E7CE40-CEB5-4389-BBC5-FA9BB4304C66}.Release|Any CPU.ActiveCfg = Release|Any CPU
		{69E7CE40-CEB5-4389-BBC5-FA9BB4304C66}.Release|Any CPU.Build.0 = Release|Any CPU
		{66C20D3F-E94F-49CF-810A-B6FC46519574}.Debug|Any CPU.ActiveCfg = Debug|Any CPU
		{66C20D3F-E94F-49CF-810A-B6FC46519574}.Debug|Any CPU.Build.0 = Debug|Any CPU
		{66C20D3F-E94F-49CF-810A-B6FC46519574}.Release|Any CPU.ActiveCfg = Release|Any CPU
		{66C20D3F-E94F-49CF-810A-B6FC46519574}.Release|Any CPU.Build.0 = Release|Any CPU
	EndGlobalSection
EndGlobal
